
Microsoft Visual Studio Solution File, Format Version 12.00
# Visual Studio 2013
VisualStudioVersion = 12.0.31010.0
MinimumVisualStudioVersion = 10.0.40219.1
Project("{FAE04EC0-301F-11D3-BF4B-00C04F79EFBC}") = "Accounting.Tests", "Accounting.Tests\Accounting.Tests.csproj", "{4AE8172A-37B6-48F6-903F-A31B41A1738E}"
EndProject
Project("{FAE04EC0-301F-11D3-BF4B-00C04F79EFBC}") = "Accounting.Model", "Accounting.Model\Accounting.Model.csproj", "{A43BFB0B-D36B-46FB-BEE9-203AE1D4AE55}"
EndProject
Project("{FAE04EC0-301F-11D3-BF4B-00C04F79EFBC}") = "Accounting.BusinessLayer", "Accounting.BusinessLayer\Accounting.BusinessLayer.csproj", "{A99A4F0A-E13D-494B-AA06-927CC5550A12}"
EndProject
Project("{FAE04EC0-301F-11D3-BF4B-00C04F79EFBC}") = "Accounting.DataLayer", "Accounting.DataLayer\Accounting.DataLayer.csproj", "{9FD09C87-AC97-4E94-BD76-81CAB1611FC9}"
EndProject
Global
	GlobalSection(SolutionConfigurationPlatforms) = preSolution
		Debug|Any CPU = Debug|Any CPU
		Release|Any CPU = Release|Any CPU
	EndGlobalSection
	GlobalSection(ProjectConfigurationPlatforms) = postSolution
		{4AE8172A-37B6-48F6-903F-A31B41A1738E}.Debug|Any CPU.ActiveCfg = Debug|Any CPU
		{4AE8172A-37B6-48F6-903F-A31B41A1738E}.Debug|Any CPU.Build.0 = Debug|Any CPU
		{4AE8172A-37B6-48F6-903F-A31B41A1738E}.Release|Any CPU.ActiveCfg = Release|Any CPU
		{4AE8172A-37B6-48F6-903F-A31B41A1738E}.Release|Any CPU.Build.0 = Release|Any CPU
		{A43BFB0B-D36B-46FB-BEE9-203AE1D4AE55}.Debug|Any CPU.ActiveCfg = Debug|Any CPU
		{A43BFB0B-D36B-46FB-BEE9-203AE1D4AE55}.Debug|Any CPU.Build.0 = Debug|Any CPU
		{A43BFB0B-D36B-46FB-BEE9-203AE1D4AE55}.Release|Any CPU.ActiveCfg = Release|Any CPU
		{A43BFB0B-D36B-46FB-BEE9-203AE1D4AE55}.Release|Any CPU.Build.0 = Release|Any CPU
		{A99A4F0A-E13D-494B-AA06-927CC5550A12}.Debug|Any CPU.ActiveCfg = Debug|Any CPU
		{A99A4F0A-E13D-494B-AA06-927CC5550A12}.Debug|Any CPU.Build.0 = Debug|Any CPU
		{A99A4F0A-E13D-494B-AA06-927CC5550A12}.Release|Any CPU.ActiveCfg = Release|Any CPU
		{A99A4F0A-E13D-494B-AA06-927CC5550A12}.Release|Any CPU.Build.0 = Release|Any CPU
		{9FD09C87-AC97-4E94-BD76-81CAB1611FC9}.Debug|Any CPU.ActiveCfg = Debug|Any CPU
		{9FD09C87-AC97-4E94-BD76-81CAB1611FC9}.Debug|Any CPU.Build.0 = Debug|Any CPU
		{9FD09C87-AC97-4E94-BD76-81CAB1611FC9}.Release|Any CPU.ActiveCfg = Release|Any CPU
		{9FD09C87-AC97-4E94-BD76-81CAB1611FC9}.Release|Any CPU.Build.0 = Release|Any CPU
	EndGlobalSection
	GlobalSection(SolutionProperties) = preSolution
		HideSolutionNode = FALSE
	EndGlobalSection
EndGlobal
